
Microsoft Visual Studio Solution File, Format Version 12.00
# Visual Studio Version 17
VisualStudioVersion = 17.10.35013.160
MinimumVisualStudioVersion = 10.0.40219.1
Project("{FAE04EC0-301F-11D3-BF4B-00C04F79EFBC}") = "ConsoleApp8", "ConsoleApp8.csproj", "{8795C79D-3A7A-4F17-9D94-D75F0314A3EC}"
EndProject
Global
	GlobalSection(SolutionConfigurationPlatforms) = preSolution
		Debug|Any CPU = Debug|Any CPU
		Release|Any CPU = Release|Any CPU
	EndGlobalSection
	GlobalSection(ProjectConfigurationPlatforms) = postSolution
		{8795C79D-3A7A-4F17-9D94-D75F0314A3EC}.Debug|Any CPU.ActiveCfg = Debug|Any CPU
		{8795C79D-3A7A-4F17-9D94-D75F0314A3EC}.Debug|Any CPU.Build.0 = Debug|Any CPU
		{8795C79D-3A7A-4F17-9D94-D75F0314A3EC}.Release|Any CPU.ActiveCfg = Release|Any CPU
		{8795C79D-3A7A-4F17-9D94-D75F0314A3EC}.Release|Any CPU.Build.0 = Release|Any CPU
	EndGlobalSection
	GlobalSection(SolutionProperties) = preSolution
		HideSolutionNode = FALSE
	EndGlobalSection
	GlobalSection(ExtensibilityGlobals) = postSolution
		SolutionGuid = {7A42EDFB-7089-421F-94F4-21BA93F23F47}
	EndGlobalSection
EndGlobal
